
Microsoft Visual Studio Solution File, Format Version 12.00
# Visual Studio Version 17
VisualStudioVersion = 17.11.35208.52
MinimumVisualStudioVersion = 10.0.40219.1
Project("{FAE04EC0-301F-11D3-BF4B-00C04F79EFBC}") = "ADOAssignment1", "ADOAssignment1.csproj", "{2AEF474C-E04B-4122-B58A-080E414A2F92}"
EndProject
Global
	GlobalSection(SolutionConfigurationPlatforms) = preSolution
		Debug|Any CPU = Debug|Any CPU
		Release|Any CPU = Release|Any CPU
	EndGlobalSection
	GlobalSection(ProjectConfigurationPlatforms) = postSolution
		{2AEF474C-E04B-4122-B58A-080E414A2F92}.Debug|Any CPU.ActiveCfg = Debug|Any CPU
		{2AEF474C-E04B-4122-B58A-080E414A2F92}.Debug|Any CPU.Build.0 = Debug|Any CPU
		{2AEF474C-E04B-4122-B58A-080E414A2F92}.Release|Any CPU.ActiveCfg = Release|Any CPU
		{2AEF474C-E04B-4122-B58A-080E414A2F92}.Release|Any CPU.Build.0 = Release|Any CPU
	EndGlobalSection
	GlobalSection(SolutionProperties) = preSolution
		HideSolutionNode = FALSE
	EndGlobalSection
	GlobalSection(ExtensibilityGlobals) = postSolution
		SolutionGuid = {18F96DC6-B440-44DF-A706-7D6BE86163A1}
	EndGlobalSection
EndGlobal
